// !$*UTF8*$!
{
	archiveVersion = 1;
	classes = {
	};
	objectVersion = 77;
	objects = {

/* Begin PBXBuildFile section */
		EF0C6D9F2CC4251700A37BF5 /* Alamofire in Frameworks */ = {isa = PBXBuildFile; productRef = EF0C6D9E2CC4251700A37BF5 /* Alamofire */; };
		EF0C6DA22CC4315000A37BF5 /* Kingfisher in Frameworks */ = {isa = PBXBuildFile; productRef = EF0C6DA12CC4315000A37BF5 /* Kingfisher */; };
/* End PBXBuildFile section */

/* Begin PBXContainerItemProxy section */
		EF0C6D022CC2A82C00A37BF5 /* PBXContainerItemProxy */ = {
			isa = PBXContainerItemProxy;
			containerPortal = EF0C6CE92CC2A82700A37BF5 /* Project object */;
			proxyType = 1;
			remoteGlobalIDString = EF0C6CF02CC2A82700A37BF5;
			remoteInfo = CryptoMarketList;
		};
		EF0C6D0C2CC2A82C00A37BF5 /* PBXContainerItemProxy */ = {
			isa = PBXContainerItemProxy;
			containerPortal = EF0C6CE92CC2A82700A37BF5 /* Project object */;
			proxyType = 1;
			remoteGlobalIDString = EF0C6CF02CC2A82700A37BF5;
			remoteInfo = CryptoMarketList;
		};
/* End PBXContainerItemProxy section */

/* Begin PBXFileReference section */
		EF0C6CF12CC2A82700A37BF5 /* CryptoMarketList.app */ = {isa = PBXFileReference; explicitFileType = wrapper.application; includeInIndex = 0; path = CryptoMarketList.app; sourceTree = BUILT_PRODUCTS_DIR; };
		EF0C6D012CC2A82C00A37BF5 /* CryptoMarketListTests.xctest */ = {isa = PBXFileReference; explicitFileType = wrapper.cfbundle; includeInIndex = 0; path = CryptoMarketListTests.xctest; sourceTree = BUILT_PRODUCTS_DIR; };
		EF0C6D0B2CC2A82C00A37BF5 /* CryptoMarketListUITests.xctest */ = {isa = PBXFileReference; explicitFileType = wrapper.cfbundle; includeInIndex = 0; path = CryptoMarketListUITests.xctest; sourceTree = BUILT_PRODUCTS_DIR; };
/* End PBXFileReference section */

/* Begin PBXFileSystemSynchronizedBuildFileExceptionSet section */
		EF0C6D3E2CC2AF3600A37BF5 /* Exceptions for "CryptoMarketList" folder in "CryptoMarketList" target */ = {
			isa = PBXFileSystemSynchronizedBuildFileExceptionSet;
			membershipExceptions = (
				Info.plist,
			);
			target = EF0C6CF02CC2A82700A37BF5 /* CryptoMarketList */;
		};
/* End PBXFileSystemSynchronizedBuildFileExceptionSet section */

/* Begin PBXFileSystemSynchronizedRootGroup section */
		EF0C6CF32CC2A82700A37BF5 /* CryptoMarketList */ = {
			isa = PBXFileSystemSynchronizedRootGroup;
			exceptions = (
				EF0C6D3E2CC2AF3600A37BF5 /* Exceptions for "CryptoMarketList" folder in "CryptoMarketList" target */,
			);
			path = CryptoMarketList;
			sourceTree = "<group>";
		};
		EF0C6D042CC2A82C00A37BF5 /* CryptoMarketListTests */ = {
			isa = PBXFileSystemSynchronizedRootGroup;
			path = CryptoMarketListTests;
			sourceTree = "<group>";
		};
		EF0C6D0E2CC2A82C00A37BF5 /* CryptoMarketListUITests */ = {
			isa = PBXFileSystemSynchronizedRootGroup;
			path = CryptoMarketListUITests;
			sourceTree = "<group>";
		};
/* End PBXFileSystemSynchronizedRootGroup section */

/* Begin PBXFrameworksBuildPhase section */
		EF0C6CEE2CC2A82700A37BF5 /* Frameworks */ = {
			isa = PBXFrameworksBuildPhase;
			buildActionMask = 2147483647;
			files = (
				EF0C6DA22CC4315000A37BF5 /* Kingfisher in Frameworks */,
				EF0C6D9F2CC4251700A37BF5 /* Alamofire in Frameworks */,
			);
			runOnlyForDeploymentPostprocessing = 0;
		};
		EF0C6CFE2CC2A82C00A37BF5 /* Frameworks */ = {
			isa = PBXFrameworksBuildPhase;
			buildActionMask = 2147483647;
			files = (
			);
			runOnlyForDeploymentPostprocessing = 0;
		};
		EF0C6D082CC2A82C00A37BF5 /* Frameworks */ = {
			isa = PBXFrameworksBuildPhase;
			buildActionMask = 2147483647;
			files = (
			);
			runOnlyForDeploymentPostprocessing = 0;
		};
/* End PBXFrameworksBuildPhase section */

/* Begin PBXGroup section */
		EF0C6CE82CC2A82700A37BF5 = {
			isa = PBXGroup;
			children = (
				EF0C6CF32CC2A82700A37BF5 /* CryptoMarketList */,
				EF0C6D042CC2A82C00A37BF5 /* CryptoMarketListTests */,
				EF0C6D0E2CC2A82C00A37BF5 /* CryptoMarketListUITests */,
				EF0C6D9D2CC4251700A37BF5 /* Frameworks */,
				EF0C6CF22CC2A82700A37BF5 /* Products */,
			);
			sourceTree = "<group>";
		};
		EF0C6CF22CC2A82700A37BF5 /* Products */ = {
			isa = PBXGroup;
			children = (
				EF0C6CF12CC2A82700A37BF5 /* CryptoMarketList.app */,
				EF0C6D012CC2A82C00A37BF5 /* CryptoMarketListTests.xctest */,
				EF0C6D0B2CC2A82C00A37BF5 /* CryptoMarketListUITests.xctest */,
			);
			name = Products;
			sourceTree = "<group>";
		};
		EF0C6D9D2CC4251700A37BF5 /* Frameworks */ = {
			isa = PBXGroup;
			children = (
			);
			name = Frameworks;
			sourceTree = "<group>";
		};
/* End PBXGroup section */

/* Begin PBXNativeTarget section */
		EF0C6CF02CC2A82700A37BF5 /* CryptoMarketList */ = {
			isa = PBXNativeTarget;
			buildConfigurationList = EF0C6D152CC2A82C00A37BF5 /* Build configuration list for PBXNativeTarget "CryptoMarketList" */;
			buildPhases = (
				EF0C6CED2CC2A82700A37BF5 /* Sources */,
				EF0C6CEE2CC2A82700A37BF5 /* Frameworks */,
				EF0C6CEF2CC2A82700A37BF5 /* Resources */,
			);
			buildRules = (
			);
			dependencies = (
			);
			fileSystemSynchronizedGroups = (
				EF0C6CF32CC2A82700A37BF5 /* CryptoMarketList */,
			);
			name = CryptoMarketList;
			packageProductDependencies = (
				EF0C6D9E2CC4251700A37BF5 /* Alamofire */,
				EF0C6DA12CC4315000A37BF5 /* Kingfisher */,
			);
			productName = CryptoMarketList;
			productReference = EF0C6CF12CC2A82700A37BF5 /* CryptoMarketList.app */;
			productType = "com.apple.product-type.application";
		};
		EF0C6D002CC2A82C00A37BF5 /* CryptoMarketListTests */ = {
			isa = PBXNativeTarget;
			buildConfigurationList = EF0C6D182CC2A82C00A37BF5 /* Build configuration list for PBXNativeTarget "CryptoMarketListTests" */;
			buildPhases = (
				EF0C6CFD2CC2A82C00A37BF5 /* Sources */,
				EF0C6CFE2CC2A82C00A37BF5 /* Frameworks */,
				EF0C6CFF2CC2A82C00A37BF5 /* Resources */,
			);
			buildRules = (
			);
			dependencies = (
				EF0C6D032CC2A82C00A37BF5 /* PBXTargetDependency */,
			);
			fileSystemSynchronizedGroups = (
				EF0C6D042CC2A82C00A37BF5 /* CryptoMarketListTests */,
			);
			name = CryptoMarketListTests;
			packageProductDependencies = (
			);
			productName = CryptoMarketListTests;
			productReference = EF0C6D012CC2A82C00A37BF5 /* CryptoMarketListTests.xctest */;
			productType = "com.apple.product-type.bundle.unit-test";
		};
		EF0C6D0A2CC2A82C00A37BF5 /* CryptoMarketListUITests */ = {
			isa = PBXNativeTarget;
			buildConfigurationList = EF0C6D1B2CC2A82C00A37BF5 /* Build configuration list for PBXNativeTarget "CryptoMarketListUITests" */;
			buildPhases = (
				EF0C6D072CC2A82C00A37BF5 /* Sources */,
				EF0C6D082CC2A82C00A37BF5 /* Frameworks */,
				EF0C6D092CC2A82C00A37BF5 /* Resources */,
			);
			buildRules = (
			);
			dependencies = (
				EF0C6D0D2CC2A82C00A37BF5 /* PBXTargetDependency */,
			);
			fileSystemSynchronizedGroups = (
				EF0C6D0E2CC2A82C00A37BF5 /* CryptoMarketListUITests */,
			);
			name = CryptoMarketListUITests;
			packageProductDependencies = (
			);
			productName = CryptoMarketListUITests;
			productReference = EF0C6D0B2CC2A82C00A37BF5 /* CryptoMarketListUITests.xctest */;
			productType = "com.apple.product-type.bundle.ui-testing";
		};
/* End PBXNativeTarget section */

/* Begin PBXProject section */
		EF0C6CE92CC2A82700A37BF5 /* Project object */ = {
			isa = PBXProject;
			attributes = {
				BuildIndependentTargetsInParallel = 1;
				LastSwiftUpdateCheck = 1600;
				LastUpgradeCheck = 1600;
				TargetAttributes = {
					EF0C6CF02CC2A82700A37BF5 = {
						CreatedOnToolsVersion = 16.0;
					};
					EF0C6D002CC2A82C00A37BF5 = {
						CreatedOnToolsVersion = 16.0;
						TestTargetID = EF0C6CF02CC2A82700A37BF5;
					};
					EF0C6D0A2CC2A82C00A37BF5 = {
						CreatedOnToolsVersion = 16.0;
						TestTargetID = EF0C6CF02CC2A82700A37BF5;
					};
				};
			};
			buildConfigurationList = EF0C6CEC2CC2A82700A37BF5 /* Build configuration list for PBXProject "CryptoMarketList" */;
			developmentRegion = en;
			hasScannedForEncodings = 0;
			knownRegions = (
				en,
				Base,
			);
			mainGroup = EF0C6CE82CC2A82700A37BF5;
			minimizedProjectReferenceProxies = 1;
			packageReferences = (
				EF0C6D952CC4108300A37BF5 /* XCRemoteSwiftPackageReference "Alamofire" */,
				EF0C6DA02CC4314200A37BF5 /* XCRemoteSwiftPackageReference "Kingfisher" */,
			);
			preferredProjectObjectVersion = 77;
			productRefGroup = EF0C6CF22CC2A82700A37BF5 /* Products */;
			projectDirPath = "";
			projectRoot = "";
			targets = (
				EF0C6CF02CC2A82700A37BF5 /* CryptoMarketList */,
				EF0C6D002CC2A82C00A37BF5 /* CryptoMarketListTests */,
				EF0C6D0A2CC2A82C00A37BF5 /* CryptoMarketListUITests */,
			);
		};
/* End PBXProject section */

/* Begin PBXResourcesBuildPhase section */
		EF0C6CEF2CC2A82700A37BF5 /* Resources */ = {
			isa = PBXResourcesBuildPhase;
			buildActionMask = 2147483647;
			files = (
			);
			runOnlyForDeploymentPostprocessing = 0;
		};
		EF0C6CFF2CC2A82C00A37BF5 /* Resources */ = {
			isa = PBXResourcesBuildPhase;
			buildActionMask = 2147483647;
			files = (
			);
			runOnlyForDeploymentPostprocessing = 0;
		};
		EF0C6D092CC2A82C00A37BF5 /* Resources */ = {
			isa = PBXResourcesBuildPhase;
			buildActionMask = 2147483647;
			files = (
			);
			runOnlyForDeploymentPostprocessing = 0;
		};
/* End PBXResourcesBuildPhase section */

/* Begin PBXSourcesBuildPhase section */
		EF0C6CED2CC2A82700A37BF5 /* Sources */ = {
			isa = PBXSourcesBuildPhase;
			buildActionMask = 2147483647;
			files = (
			);
			runOnlyForDeploymentPostprocessing = 0;
		};
		EF0C6CFD2CC2A82C00A37BF5 /* Sources */ = {
			isa = PBXSourcesBuildPhase;
			buildActionMask = 2147483647;
			files = (
			);
			runOnlyForDeploymentPostprocessing = 0;
		};
		EF0C6D072CC2A82C00A37BF5 /* Sources */ = {
			isa = PBXSourcesBuildPhase;
			buildActionMask = 2147483647;
			files = (
			);
			runOnlyForDeploymentPostprocessing = 0;
		};
/* End PBXSourcesBuildPhase section */

/* Begin PBXTargetDependency section */
		EF0C6D032CC2A82C00A37BF5 /* PBXTargetDependency */ = {
			isa = PBXTargetDependency;
			target = EF0C6CF02CC2A82700A37BF5 /* CryptoMarketList */;
			targetProxy = EF0C6D022CC2A82C00A37BF5 /* PBXContainerItemProxy */;
		};
		EF0C6D0D2CC2A82C00A37BF5 /* PBXTargetDependency */ = {
			isa = PBXTargetDependency;
			target = EF0C6CF02CC2A82700A37BF5 /* CryptoMarketList */;
			targetProxy = EF0C6D0C2CC2A82C00A37BF5 /* PBXContainerItemProxy */;
		};
/* End PBXTargetDependency section */

/* Begin XCBuildConfiguration section */
		EF0C6D132CC2A82C00A37BF5 /* Debug */ = {
			isa = XCBuildConfiguration;
			buildSettings = {
				ALWAYS_SEARCH_USER_PATHS = NO;
				ASSETCATALOG_COMPILER_GENERATE_SWIFT_ASSET_SYMBOL_EXTENSIONS = YES;
				CLANG_ANALYZER_NONNULL = YES;
				CLANG_ANALYZER_NUMBER_OBJECT_CONVERSION = YES_AGGRESSIVE;
				CLANG_CXX_LANGUAGE_STANDARD = "gnu++20";
				CLANG_ENABLE_MODULES = YES;
				CLANG_ENABLE_OBJC_ARC = YES;
				CLANG_ENABLE_OBJC_WEAK = YES;
				CLANG_WARN_BLOCK_CAPTURE_AUTORELEASING = YES;
				CLANG_WARN_BOOL_CONVERSION = YES;
				CLANG_WARN_COMMA = YES;
				CLANG_WARN_CONSTANT_CONVERSION = YES;
				CLANG_WARN_DEPRECATED_OBJC_IMPLEMENTATIONS = YES;
				CLANG_WARN_DIRECT_OBJC_ISA_USAGE = YES_ERROR;
				CLANG_WARN_DOCUMENTATION_COMMENTS = YES;
				CLANG_WARN_EMPTY_BODY = YES;
				CLANG_WARN_ENUM_CONVERSION = YES;
				CLANG_WARN_INFINITE_RECURSION = YES;
				CLANG_WARN_INT_CONVERSION = YES;
				CLANG_WARN_NON_LITERAL_NULL_CONVERSION = YES;
				CLANG_WARN_OBJC_IMPLICIT_RETAIN_SELF = YES;
				CLANG_WARN_OBJC_LITERAL_CONVERSION = YES;
				CLANG_WARN_OBJC_ROOT_CLASS = YES_ERROR;
				CLANG_WARN_QUOTED_INCLUDE_IN_FRAMEWORK_HEADER = YES;
				CLANG_WARN_RANGE_LOOP_ANALYSIS = YES;
				CLANG_WARN_STRICT_PROTOTYPES = YES;
				CLANG_WARN_SUSPICIOUS_MOVE = YES;
				CLANG_WARN_UNGUARDED_AVAILABILITY = YES_AGGRESSIVE;
				CLANG_WARN_UNREACHABLE_CODE = YES;
				CLANG_WARN__DUPLICATE_METHOD_MATCH = YES;
				COPY_PHASE_STRIP = NO;
				DEBUG_INFORMATION_FORMAT = dwarf;
				ENABLE_STRICT_OBJC_MSGSEND = YES;
				ENABLE_TESTABILITY = YES;
				ENABLE_USER_SCRIPT_SANDBOXING = YES;
				GCC_C_LANGUAGE_STANDARD = gnu17;
				GCC_DYNAMIC_NO_PIC = NO;
				GCC_NO_COMMON_BLOCKS = YES;
				GCC_OPTIMIZATION_LEVEL = 0;
				GCC_PREPROCESSOR_DEFINITIONS = (
					"DEBUG=1",
					"$(inherited)",
				);
				GCC_WARN_64_TO_32_BIT_CONVERSION = YES;
				GCC_WARN_ABOUT_RETURN_TYPE = YES_ERROR;
				GCC_WARN_UNDECLARED_SELECTOR = YES;
				GCC_WARN_UNINITIALIZED_AUTOS = YES_AGGRESSIVE;
				GCC_WARN_UNUSED_FUNCTION = YES;
				GCC_WARN_UNUSED_VARIABLE = YES;
				IPHONEOS_DEPLOYMENT_TARGET = 18.0;
				LOCALIZATION_PREFERS_STRING_CATALOGS = YES;
				MTL_ENABLE_DEBUG_INFO = INCLUDE_SOURCE;
				MTL_FAST_MATH = YES;
				ONLY_ACTIVE_ARCH = YES;
				SDKROOT = iphoneos;
				SWIFT_ACTIVE_COMPILATION_CONDITIONS = "DEBUG $(inherited)";
				SWIFT_OPTIMIZATION_LEVEL = "-Onone";
			};
			name = Debug;
		};
		EF0C6D142CC2A82C00A37BF5 /* Release */ = {
			isa = XCBuildConfiguration;
			buildSettings = {
				ALWAYS_SEARCH_USER_PATHS = NO;
				ASSETCATALOG_COMPILER_GENERATE_SWIFT_ASSET_SYMBOL_EXTENSIONS = YES;
				CLANG_ANALYZER_NONNULL = YES;
				CLANG_ANALYZER_NUMBER_OBJECT_CONVERSION = YES_AGGRESSIVE;
				CLANG_CXX_LANGUAGE_STANDARD = "gnu++20";
				CLANG_ENABLE_MODULES = YES;
				CLANG_ENABLE_OBJC_ARC = YES;
				CLANG_ENABLE_OBJC_WEAK = YES;
				CLANG_WARN_BLOCK_CAPTURE_AUTORELEASING = YES;
				CLANG_WARN_BOOL_CONVERSION = YES;
				CLANG_WARN_COMMA = YES;
				CLANG_WARN_CONSTANT_CONVERSION = YES;
				CLANG_WARN_DEPRECATED_OBJC_IMPLEMENTATIONS = YES;
				CLANG_WARN_DIRECT_OBJC_ISA_USAGE = YES_ERROR;
				CLANG_WARN_DOCUMENTATION_COMMENTS = YES;
				CLANG_WARN_EMPTY_BODY = YES;
				CLANG_WARN_ENUM_CONVERSION = YES;
				CLANG_WARN_INFINITE_RECURSION = YES;
				CLANG_WARN_INT_CONVERSION = YES;
				CLANG_WARN_NON_LITERAL_NULL_CONVERSION = YES;
				CLANG_WARN_OBJC_IMPLICIT_RETAIN_SELF = YES;
				CLANG_WARN_OBJC_LITERAL_CONVERSION = YES;
				CLANG_WARN_OBJC_ROOT_CLASS = YES_ERROR;
				CLANG_WARN_QUOTED_INCLUDE_IN_FRAMEWORK_HEADER = YES;
				CLANG_WARN_RANGE_LOOP_ANALYSIS = YES;
				CLANG_WARN_STRICT_PROTOTYPES = YES;
				CLANG_WARN_SUSPICIOUS_MOVE = YES;
				CLANG_WARN_UNGUARDED_AVAILABILITY = YES_AGGRESSIVE;
				CLANG_WARN_UNREACHABLE_CODE = YES;
				CLANG_WARN__DUPLICATE_METHOD_MATCH = YES;
				COPY_PHASE_STRIP = NO;
				DEBUG_INFORMATION_FORMAT = "dwarf-with-dsym";
				ENABLE_NS_ASSERTIONS = NO;
				ENABLE_STRICT_OBJC_MSGSEND = YES;
				ENABLE_USER_SCRIPT_SANDBOXING = YES;
				GCC_C_LANGUAGE_STANDARD = gnu17;
				GCC_NO_COMMON_BLOCKS = YES;
				GCC_WARN_64_TO_32_BIT_CONVERSION = YES;
				GCC_WARN_ABOUT_RETURN_TYPE = YES_ERROR;
				GCC_WARN_UNDECLARED_SELECTOR = YES;
				GCC_WARN_UNINITIALIZED_AUTOS = YES_AGGRESSIVE;
				GCC_WARN_UNUSED_FUNCTION = YES;
				GCC_WARN_UNUSED_VARIABLE = YES;
				IPHONEOS_DEPLOYMENT_TARGET = 18.0;
				LOCALIZATION_PREFERS_STRING_CATALOGS = YES;
				MTL_ENABLE_DEBUG_INFO = NO;
				MTL_FAST_MATH = YES;
				SDKROOT = iphoneos;
				SWIFT_COMPILATION_MODE = wholemodule;
				VALIDATE_PRODUCT = YES;
			};
			name = Release;
		};
		EF0C6D162CC2A82C00A37BF5 /* Debug */ = {
			isa = XCBuildConfiguration;
			buildSettings = {
				ASSETCATALOG_COMPILER_APPICON_NAME = AppIcon;
				ASSETCATALOG_COMPILER_GLOBAL_ACCENT_COLOR_NAME = AccentColor;
				CODE_SIGN_STYLE = Automatic;
				CURRENT_PROJECT_VERSION = 1;
				DEVELOPMENT_ASSET_PATHS = "\"CryptoMarketList/Preview Content\"";
				ENABLE_PREVIEWS = YES;
				GENERATE_INFOPLIST_FILE = YES;
				INFOPLIST_FILE = CryptoMarketList/Info.plist;
				INFOPLIST_KEY_UIApplicationSceneManifest_Generation = YES;
				INFOPLIST_KEY_UIApplicationSupportsIndirectInputEvents = YES;
				INFOPLIST_KEY_UILaunchScreen_Generation = YES;
				INFOPLIST_KEY_UISupportedInterfaceOrientations_iPad = "UIInterfaceOrientationPortrait UIInterfaceOrientationPortraitUpsideDown UIInterfaceOrientationLandscapeLeft UIInterfaceOrientationLandscapeRight";
				INFOPLIST_KEY_UISupportedInterfaceOrientations_iPhone = "UIInterfaceOrientationPortrait UIInterfaceOrientationLandscapeLeft UIInterfaceOrientationLandscapeRight";
				LD_RUNPATH_SEARCH_PATHS = (
					"$(inherited)",
					"@executable_path/Frameworks",
				);
				MARKETING_VERSION = 1.0;
				PRODUCT_BUNDLE_IDENTIFIER = com.CryptoMarketList.CryptoMarketList;
				PRODUCT_NAME = "$(TARGET_NAME)";
				SWIFT_EMIT_LOC_STRINGS = YES;
				SWIFT_VERSION = 5.0;
				TARGETED_DEVICE_FAMILY = "1,2";
			};
			name = Debug;
		};
		EF0C6D172CC2A82C00A37BF5 /* Release */ = {
			isa = XCBuildConfiguration;
			buildSettings = {
				ASSETCATALOG_COMPILER_APPICON_NAME = AppIcon;
				ASSETCATALOG_COMPILER_GLOBAL_ACCENT_COLOR_NAME = AccentColor;
				CODE_SIGN_STYLE = Automatic;
				CURRENT_PROJECT_VERSION = 1;
				DEVELOPMENT_ASSET_PATHS = "\"CryptoMarketList/Preview Content\"";
				ENABLE_PREVIEWS = YES;
				GENERATE_INFOPLIST_FILE = YES;
				INFOPLIST_FILE = CryptoMarketList/Info.plist;
				INFOPLIST_KEY_UIApplicationSceneManifest_Generation = YES;
				INFOPLIST_KEY_UIApplicationSupportsIndirectInputEvents = YES;
				INFOPLIST_KEY_UILaunchScreen_Generation = YES;
				INFOPLIST_KEY_UISupportedInterfaceOrientations_iPad = "UIInterfaceOrientationPortrait UIInterfaceOrientationPortraitUpsideDown UIInterfaceOrientationLandscapeLeft UIInterfaceOrientationLandscapeRight";
				INFOPLIST_KEY_UISupportedInterfaceOrientations_iPhone = "UIInterfaceOrientationPortrait UIInterfaceOrientationLandscapeLeft UIInterfaceOrientationLandscapeRight";
				LD_RUNPATH_SEARCH_PATHS = (
					"$(inherited)",
					"@executable_path/Frameworks",
				);
				MARKETING_VERSION = 1.0;
				PRODUCT_BUNDLE_IDENTIFIER = com.CryptoMarketList.CryptoMarketList;
				PRODUCT_NAME = "$(TARGET_NAME)";
				SWIFT_EMIT_LOC_STRINGS = YES;
				SWIFT_VERSION = 5.0;
				TARGETED_DEVICE_FAMILY = "1,2";
			};
			name = Release;
		};
		EF0C6D192CC2A82C00A37BF5 /* Debug */ = {
			isa = XCBuildConfiguration;
			buildSettings = {
				BUNDLE_LOADER = "$(TEST_HOST)";
				CODE_SIGN_STYLE = Automatic;
				CURRENT_PROJECT_VERSION = 1;
				GENERATE_INFOPLIST_FILE = YES;
				IPHONEOS_DEPLOYMENT_TARGET = 18.0;
				MARKETING_VERSION = 1.0;
				PRODUCT_BUNDLE_IDENTIFIER = com.CryptoMarketList.CryptoMarketListTests;
				PRODUCT_NAME = "$(TARGET_NAME)";
				SWIFT_EMIT_LOC_STRINGS = NO;
				SWIFT_VERSION = 5.0;
				TARGETED_DEVICE_FAMILY = "1,2";
				TEST_HOST = "$(BUILT_PRODUCTS_DIR)/CryptoMarketList.app/$(BUNDLE_EXECUTABLE_FOLDER_PATH)/CryptoMarketList";
			};
			name = Debug;
		};
		EF0C6D1A2CC2A82C00A37BF5 /* Release */ = {
			isa = XCBuildConfiguration;
			buildSettings = {
				BUNDLE_LOADER = "$(TEST_HOST)";
				CODE_SIGN_STYLE = Automatic;
				CURRENT_PROJECT_VERSION = 1;
				GENERATE_INFOPLIST_FILE = YES;
				IPHONEOS_DEPLOYMENT_TARGET = 18.0;
				MARKETING_VERSION = 1.0;
				PRODUCT_BUNDLE_IDENTIFIER = com.CryptoMarketList.CryptoMarketListTests;
				PRODUCT_NAME = "$(TARGET_NAME)";
				SWIFT_EMIT_LOC_STRINGS = NO;
				SWIFT_VERSION = 5.0;
				TARGETED_DEVICE_FAMILY = "1,2";
				TEST_HOST = "$(BUILT_PRODUCTS_DIR)/CryptoMarketList.app/$(BUNDLE_EXECUTABLE_FOLDER_PATH)/CryptoMarketList";
			};
			name = Release;
		};
		EF0C6D1C2CC2A82C00A37BF5 /* Debug */ = {
			isa = XCBuildConfiguration;
			buildSettings = {
				CODE_SIGN_STYLE = Automatic;
				CURRENT_PROJECT_VERSION = 1;
				GENERATE_INFOPLIST_FILE = YES;
				MARKETING_VERSION = 1.0;
				PRODUCT_BUNDLE_IDENTIFIER = com.CryptoMarketList.CryptoMarketListUITests;
				PRODUCT_NAME = "$(TARGET_NAME)";
				SWIFT_EMIT_LOC_STRINGS = NO;
				SWIFT_VERSION = 5.0;
				TARGETED_DEVICE_FAMILY = "1,2";
				TEST_TARGET_NAME = CryptoMarketList;
			};
			name = Debug;
		};
		EF0C6D1D2CC2A82C00A37BF5 /* Release */ = {
			isa = XCBuildConfiguration;
			buildSettings = {
				CODE_SIGN_STYLE = Automatic;
				CURRENT_PROJECT_VERSION = 1;
				GENERATE_INFOPLIST_FILE = YES;
				MARKETING_VERSION = 1.0;
				PRODUCT_BUNDLE_IDENTIFIER = com.CryptoMarketList.CryptoMarketListUITests;
				PRODUCT_NAME = "$(TARGET_NAME)";
				SWIFT_EMIT_LOC_STRINGS = NO;
				SWIFT_VERSION = 5.0;
				TARGETED_DEVICE_FAMILY = "1,2";
				TEST_TARGET_NAME = CryptoMarketList;
			};
			name = Release;
		};
/* End XCBuildConfiguration section */

/* Begin XCConfigurationList section */
		EF0C6CEC2CC2A82700A37BF5 /* Build configuration list for PBXProject "CryptoMarketList" */ = {
			isa = XCConfigurationList;
			buildConfigurations = (
				EF0C6D132CC2A82C00A37BF5 /* Debug */,
				EF0C6D142CC2A82C00A37BF5 /* Release */,
			);
			defaultConfigurationIsVisible = 0;
			defaultConfigurationName = Release;
		};
		EF0C6D152CC2A82C00A37BF5 /* Build configuration list for PBXNativeTarget "CryptoMarketList" */ = {
			isa = XCConfigurationList;
			buildConfigurations = (
				EF0C6D162CC2A82C00A37BF5 /* Debug */,
				EF0C6D172CC2A82C00A37BF5 /* Release */,
			);
			defaultConfigurationIsVisible = 0;
			defaultConfigurationName = Release;
		};
		EF0C6D182CC2A82C00A37BF5 /* Build configuration list for PBXNativeTarget "CryptoMarketListTests" */ = {
			isa = XCConfigurationList;
			buildConfigurations = (
				EF0C6D192CC2A82C00A37BF5 /* Debug */,
				EF0C6D1A2CC2A82C00A37BF5 /* Release */,
			);
			defaultConfigurationIsVisible = 0;
			defaultConfigurationName = Release;
		};
		EF0C6D1B2CC2A82C00A37BF5 /* Build configuration list for PBXNativeTarget "CryptoMarketListUITests" */ = {
			isa = XCConfigurationList;
			buildConfigurations = (
				EF0C6D1C2CC2A82C00A37BF5 /* Debug */,
				EF0C6D1D2CC2A82C00A37BF5 /* Release */,
			);
			defaultConfigurationIsVisible = 0;
			defaultConfigurationName = Release;
		};
/* End XCConfigurationList section */

/* Begin XCRemoteSwiftPackageReference section */
		EF0C6D952CC4108300A37BF5 /* XCRemoteSwiftPackageReference "Alamofire" */ = {
			isa = XCRemoteSwiftPackageReference;
			repositoryURL = "https://github.com/Alamofire/Alamofire.git";
			requirement = {
				kind = upToNextMajorVersion;
				minimumVersion = 5.10.0;
			};
		};
		EF0C6DA02CC4314200A37BF5 /* XCRemoteSwiftPackageReference "Kingfisher" */ = {
			isa = XCRemoteSwiftPackageReference;
			repositoryURL = "https://github.com/onevcat/Kingfisher.git";
			requirement = {
				kind = upToNextMajorVersion;
				minimumVersion = 8.1.0;
			};
		};
/* End XCRemoteSwiftPackageReference section */

/* Begin XCSwiftPackageProductDependency section */
		EF0C6D9E2CC4251700A37BF5 /* Alamofire */ = {
			isa = XCSwiftPackageProductDependency;
			package = EF0C6D952CC4108300A37BF5 /* XCRemoteSwiftPackageReference "Alamofire" */;
			productName = Alamofire;
		};
		EF0C6DA12CC4315000A37BF5 /* Kingfisher */ = {
			isa = XCSwiftPackageProductDependency;
			package = EF0C6DA02CC4314200A37BF5 /* XCRemoteSwiftPackageReference "Kingfisher" */;
			productName = Kingfisher;
		};
/* End XCSwiftPackageProductDependency section */
	};
	rootObject = EF0C6CE92CC2A82700A37BF5 /* Project object */;
}
